
Microsoft Visual Studio Solution File, Format Version 12.00
Project("{FAE04EC0-301F-11D3-BF4B-00C04F79EFBC}") = "LearnTask", "LearnTask\LearnTask.csproj", "{FBFD5269-DDC4-498D-B888-75BB727B8EDB}"
EndProject
Project("{FAE04EC0-301F-11D3-BF4B-00C04F79EFBC}") = "LearnTask2", "LearnTask2\LearnTask2.csproj", "{7A0F744F-5EC4-443A-A720-83BF6A0C2CAD}"
EndProject
Project("{FAE04EC0-301F-11D3-BF4B-00C04F79EFBC}") = "LearnTask3", "LearnTask3\LearnTask3.csproj", "{7F68F1D2-5ABA-4844-B9A0-5EA7A6B56B24}"
EndProject
Project("{FAE04EC0-301F-11D3-BF4B-00C04F79EFBC}") = "ChildTask", "ChildTask\ChildTask.csproj", "{774628F4-3DA8-4C42-B865-87D02A37FABD}"
EndProject
Project("{FAE04EC0-301F-11D3-BF4B-00C04F79EFBC}") = "YieldDemo", "YieldDemo\YieldDemo.csproj", "{85555EB3-FA67-49D9-A036-74E895EBC815}"
EndProject
Project("{FAE04EC0-301F-11D3-BF4B-00C04F79EFBC}") = "LearnTask4", "LearnTask4\LearnTask4.csproj", "{C8000BBE-BB9A-451E-961D-98776D73920E}"
EndProject
Project("{FAE04EC0-301F-11D3-BF4B-00C04F79EFBC}") = "RetryTask", "RetryTask\RetryTask.csproj", "{89A5CF11-7A12-4E34-A8D2-1DB36941A330}"
EndProject
Project("{FAE04EC0-301F-11D3-BF4B-00C04F79EFBC}") = "NeedOnlyOneComplete", "NeedOnlyOneComplete\NeedOnlyOneComplete.csproj", "{B74770BE-7186-43F3-A7C2-1446700BEE1B}"
EndProject
Global
	GlobalSection(SolutionConfigurationPlatforms) = preSolution
		Debug|Any CPU = Debug|Any CPU
		Release|Any CPU = Release|Any CPU
	EndGlobalSection
	GlobalSection(ProjectConfigurationPlatforms) = postSolution
		{FBFD5269-DDC4-498D-B888-75BB727B8EDB}.Debug|Any CPU.ActiveCfg = Debug|Any CPU
		{FBFD5269-DDC4-498D-B888-75BB727B8EDB}.Debug|Any CPU.Build.0 = Debug|Any CPU
		{FBFD5269-DDC4-498D-B888-75BB727B8EDB}.Release|Any CPU.ActiveCfg = Release|Any CPU
		{FBFD5269-DDC4-498D-B888-75BB727B8EDB}.Release|Any CPU.Build.0 = Release|Any CPU
		{7A0F744F-5EC4-443A-A720-83BF6A0C2CAD}.Debug|Any CPU.ActiveCfg = Debug|Any CPU
		{7A0F744F-5EC4-443A-A720-83BF6A0C2CAD}.Debug|Any CPU.Build.0 = Debug|Any CPU
		{7A0F744F-5EC4-443A-A720-83BF6A0C2CAD}.Release|Any CPU.ActiveCfg = Release|Any CPU
		{7A0F744F-5EC4-443A-A720-83BF6A0C2CAD}.Release|Any CPU.Build.0 = Release|Any CPU
		{7F68F1D2-5ABA-4844-B9A0-5EA7A6B56B24}.Debug|Any CPU.ActiveCfg = Debug|Any CPU
		{7F68F1D2-5ABA-4844-B9A0-5EA7A6B56B24}.Debug|Any CPU.Build.0 = Debug|Any CPU
		{7F68F1D2-5ABA-4844-B9A0-5EA7A6B56B24}.Release|Any CPU.ActiveCfg = Release|Any CPU
		{7F68F1D2-5ABA-4844-B9A0-5EA7A6B56B24}.Release|Any CPU.Build.0 = Release|Any CPU
		{774628F4-3DA8-4C42-B865-87D02A37FABD}.Debug|Any CPU.ActiveCfg = Debug|Any CPU
		{774628F4-3DA8-4C42-B865-87D02A37FABD}.Debug|Any CPU.Build.0 = Debug|Any CPU
		{774628F4-3DA8-4C42-B865-87D02A37FABD}.Release|Any CPU.ActiveCfg = Release|Any CPU
		{774628F4-3DA8-4C42-B865-87D02A37FABD}.Release|Any CPU.Build.0 = Release|Any CPU
		{85555EB3-FA67-49D9-A036-74E895EBC815}.Debug|Any CPU.ActiveCfg = Debug|Any CPU
		{85555EB3-FA67-49D9-A036-74E895EBC815}.Debug|Any CPU.Build.0 = Debug|Any CPU
		{85555EB3-FA67-49D9-A036-74E895EBC815}.Release|Any CPU.ActiveCfg = Release|Any CPU
		{85555EB3-FA67-49D9-A036-74E895EBC815}.Release|Any CPU.Build.0 = Release|Any CPU
		{C8000BBE-BB9A-451E-961D-98776D73920E}.Debug|Any CPU.ActiveCfg = Debug|Any CPU
		{C8000BBE-BB9A-451E-961D-98776D73920E}.Debug|Any CPU.Build.0 = Debug|Any CPU
		{C8000BBE-BB9A-451E-961D-98776D73920E}.Release|Any CPU.ActiveCfg = Release|Any CPU
		{C8000BBE-BB9A-451E-961D-98776D73920E}.Release|Any CPU.Build.0 = Release|Any CPU
		{89A5CF11-7A12-4E34-A8D2-1DB36941A330}.Debug|Any CPU.ActiveCfg = Debug|Any CPU
		{89A5CF11-7A12-4E34-A8D2-1DB36941A330}.Debug|Any CPU.Build.0 = Debug|Any CPU
		{89A5CF11-7A12-4E34-A8D2-1DB36941A330}.Release|Any CPU.ActiveCfg = Release|Any CPU
		{89A5CF11-7A12-4E34-A8D2-1DB36941A330}.Release|Any CPU.Build.0 = Release|Any CPU
		{B74770BE-7186-43F3-A7C2-1446700BEE1B}.Debug|Any CPU.ActiveCfg = Debug|Any CPU
		{B74770BE-7186-43F3-A7C2-1446700BEE1B}.Debug|Any CPU.Build.0 = Debug|Any CPU
		{B74770BE-7186-43F3-A7C2-1446700BEE1B}.Release|Any CPU.ActiveCfg = Release|Any CPU
		{B74770BE-7186-43F3-A7C2-1446700BEE1B}.Release|Any CPU.Build.0 = Release|Any CPU
	EndGlobalSection
EndGlobal
